{
  "name": "@dylan/static",
  "version": "0.2.0",
  "lockfileVersion": 1,
  "requires": true,
  "dependencies": {
    "mrmime": {
      "version": "1.0.0",
      "resolved": "https://registry.npmjs.org/mrmime/-/mrmime-1.0.0.tgz",
      "integrity": "sha512-a70zx7zFfVO7XpnQ2IX1Myh9yY4UYvfld/dikWRnsXxbyvMcfz+u6UfgNAtH+k2QqtJuzVpv6eLTx1G2+WKZbQ=="
    },
    "traversy": {
      "version": "0.0.2",
      "resolved": "https://registry.npmjs.org/traversy/-/traversy-0.0.2.tgz",
      "integrity": "sha512-4dYo3iBK7AZoxpuQ4idLr/kYh2X3ybkGfW0A9dvu/n50OmKMtzFnGFgco8Q16Hq8n8K37fg7wVp45vqq8870/Q=="
    }
  }
}
